// !$*UTF8*$!
{
	archiveVersion = 1;
	classes = {
	};
	objectVersion = 56;
	objects = {

/* Begin PBXBuildFile section */
		3B120E89DA7110086B49EDE2 /* Pods_MiniGameDemo.framework in Frameworks */ = {isa = PBXBuildFile; fileRef = E1923DE9A0B02E6D37FB0BFC /* Pods_MiniGameDemo.framework */; };
		868DE87E2B5E655E00030B55 /* AppDelegate.swift in Sources */ = {isa = PBXBuildFile; fileRef = 868DE87D2B5E655E00030B55 /* AppDelegate.swift */; };
		868DE8802B5E655E00030B55 /* SceneDelegate.swift in Sources */ = {isa = PBXBuildFile; fileRef = 868DE87F2B5E655E00030B55 /* SceneDelegate.swift */; };
		868DE8822B5E655E00030B55 /* ViewController.swift in Sources */ = {isa = PBXBuildFile; fileRef = 868DE8812B5E655E00030B55 /* ViewController.swift */; };
		868DE8852B5E655E00030B55 /* Main.storyboard in Resources */ = {isa = PBXBuildFile; fileRef = 868DE8832B5E655E00030B55 /* Main.storyboard */; };
		868DE8872B5E656000030B55 /* Assets.xcassets in Resources */ = {isa = PBXBuildFile; fileRef = 868DE8862B5E656000030B55 /* Assets.xcassets */; };
		868DE88A2B5E656000030B55 /* LaunchScreen.storyboard in Resources */ = {isa = PBXBuildFile; fileRef = 868DE8882B5E656000030B55 /* LaunchScreen.storyboard */; };
		868DE8922B5E674E00030B55 /* GameViewController.swift in Sources */ = {isa = PBXBuildFile; fileRef = 868DE8912B5E674E00030B55 /* GameViewController.swift */; };
/* End PBXBuildFile section */

/* Begin PBXFileReference section */
		5F8925540EEC66140A76A4C2 /* Pods-MiniGameDemo.release.xcconfig */ = {isa = PBXFileReference; includeInIndex = 1; lastKnownFileType = text.xcconfig; name = "Pods-MiniGameDemo.release.xcconfig"; path = "Target Support Files/Pods-MiniGameDemo/Pods-MiniGameDemo.release.xcconfig"; sourceTree = "<group>"; };
		868DE87A2B5E655E00030B55 /* MiniGameDemo.app */ = {isa = PBXFileReference; explicitFileType = wrapper.application; includeInIndex = 0; path = MiniGameDemo.app; sourceTree = BUILT_PRODUCTS_DIR; };
		868DE87D2B5E655E00030B55 /* AppDelegate.swift */ = {isa = PBXFileReference; lastKnownFileType = sourcecode.swift; path = AppDelegate.swift; sourceTree = "<group>"; };
		868DE87F2B5E655E00030B55 /* SceneDelegate.swift */ = {isa = PBXFileReference; lastKnownFileType = sourcecode.swift; path = SceneDelegate.swift; sourceTree = "<group>"; };
		868DE8812B5E655E00030B55 /* ViewController.swift */ = {isa = PBXFileReference; lastKnownFileType = sourcecode.swift; path = ViewController.swift; sourceTree = "<group>"; };
		868DE8842B5E655E00030B55 /* Base */ = {isa = PBXFileReference; lastKnownFileType = file.storyboard; name = Base; path = Base.lproj/Main.storyboard; sourceTree = "<group>"; };
		868DE8862B5E656000030B55 /* Assets.xcassets */ = {isa = PBXFileReference; lastKnownFileType = folder.assetcatalog; path = Assets.xcassets; sourceTree = "<group>"; };
		868DE8892B5E656000030B55 /* Base */ = {isa = PBXFileReference; lastKnownFileType = file.storyboard; name = Base; path = Base.lproj/LaunchScreen.storyboard; sourceTree = "<group>"; };
		868DE88B2B5E656000030B55 /* Info.plist */ = {isa = PBXFileReference; lastKnownFileType = text.plist.xml; path = Info.plist; sourceTree = "<group>"; };
		868DE8912B5E674E00030B55 /* GameViewController.swift */ = {isa = PBXFileReference; lastKnownFileType = sourcecode.swift; path = GameViewController.swift; sourceTree = "<group>"; };
		A3379E844432C727A5A030FB /* Pods-MiniGameDemo.debug.xcconfig */ = {isa = PBXFileReference; includeInIndex = 1; lastKnownFileType = text.xcconfig; name = "Pods-MiniGameDemo.debug.xcconfig"; path = "Target Support Files/Pods-MiniGameDemo/Pods-MiniGameDemo.debug.xcconfig"; sourceTree = "<group>"; };
		E1923DE9A0B02E6D37FB0BFC /* Pods_MiniGameDemo.framework */ = {isa = PBXFileReference; explicitFileType = wrapper.framework; includeInIndex = 0; path = Pods_MiniGameDemo.framework; sourceTree = BUILT_PRODUCTS_DIR; };
/* End PBXFileReference section */

/* Begin PBXFrameworksBuildPhase section */
		868DE8772B5E655E00030B55 /* Frameworks */ = {
			isa = PBXFrameworksBuildPhase;
			buildActionMask = 2147483647;
			files = (
				3B120E89DA7110086B49EDE2 /* Pods_MiniGameDemo.framework in Frameworks */,
			);
			runOnlyForDeploymentPostprocessing = 0;
		};
/* End PBXFrameworksBuildPhase section */

/* Begin PBXGroup section */
		190A9514FEA0A29E811C7AF4 /* Pods */ = {
			isa = PBXGroup;
			children = (
				A3379E844432C727A5A030FB /* Pods-MiniGameDemo.debug.xcconfig */,
				5F8925540EEC66140A76A4C2 /* Pods-MiniGameDemo.release.xcconfig */,
			);
			path = Pods;
			sourceTree = "<group>";
		};
		868DE8712B5E655E00030B55 = {
			isa = PBXGroup;
			children = (
				868DE87C2B5E655E00030B55 /* MiniGameDemo */,
				868DE87B2B5E655E00030B55 /* Products */,
				190A9514FEA0A29E811C7AF4 /* Pods */,
				C927B8CB9E772810EF670D5E /* Frameworks */,
			);
			sourceTree = "<group>";
		};
		868DE87B2B5E655E00030B55 /* Products */ = {
			isa = PBXGroup;
			children = (
				868DE87A2B5E655E00030B55 /* MiniGameDemo.app */,
			);
			name = Products;
			sourceTree = "<group>";
		};
		868DE87C2B5E655E00030B55 /* MiniGameDemo */ = {
			isa = PBXGroup;
			children = (
				868DE87D2B5E655E00030B55 /* AppDelegate.swift */,
				868DE87F2B5E655E00030B55 /* SceneDelegate.swift */,
				868DE8812B5E655E00030B55 /* ViewController.swift */,
				868DE8912B5E674E00030B55 /* GameViewController.swift */,
				868DE8832B5E655E00030B55 /* Main.storyboard */,
				868DE8862B5E656000030B55 /* Assets.xcassets */,
				868DE8882B5E656000030B55 /* LaunchScreen.storyboard */,
				868DE88B2B5E656000030B55 /* Info.plist */,
			);
			path = MiniGameDemo;
			sourceTree = "<group>";
		};
		C927B8CB9E772810EF670D5E /* Frameworks */ = {
			isa = PBXGroup;
			children = (
				E1923DE9A0B02E6D37FB0BFC /* Pods_MiniGameDemo.framework */,
			);
			name = Frameworks;
			sourceTree = "<group>";
		};
/* End PBXGroup section */

/* Begin PBXNativeTarget section */
		868DE8792B5E655E00030B55 /* MiniGameDemo */ = {
			isa = PBXNativeTarget;
			buildConfigurationList = 868DE88E2B5E656000030B55 /* Build configuration list for PBXNativeTarget "MiniGameDemo" */;
			buildPhases = (
				D995E68C1A80DB806023D6E5 /* [CP] Check Pods Manifest.lock */,
				868DE8762B5E655E00030B55 /* Sources */,
				868DE8772B5E655E00030B55 /* Frameworks */,
				868DE8782B5E655E00030B55 /* Resources */,
				E27B859D482D675592EB735E /* [CP] Embed Pods Frameworks */,
			);
			buildRules = (
			);
			dependencies = (
			);
			name = MiniGameDemo;
			productName = MiniGameDemo;
			productReference = 868DE87A2B5E655E00030B55 /* MiniGameDemo.app */;
			productType = "com.apple.product-type.application";
		};
/* End PBXNativeTarget section */

/* Begin PBXProject section */
		868DE8722B5E655E00030B55 /* Project object */ = {
			isa = PBXProject;
			attributes = {
				BuildIndependentTargetsInParallel = 1;
				LastSwiftUpdateCheck = 1500;
				LastUpgradeCheck = 1500;
				TargetAttributes = {
					868DE8792B5E655E00030B55 = {
						CreatedOnToolsVersion = 15.0.1;
					};
				};
			};
			buildConfigurationList = 868DE8752B5E655E00030B55 /* Build configuration list for PBXProject "MiniGameDemo" */;
			compatibilityVersion = "Xcode 14.0";
			developmentRegion = en;
			hasScannedForEncodings = 0;
			knownRegions = (
				en,
				Base,
			);
			mainGroup = 868DE8712B5E655E00030B55;
			productRefGroup = 868DE87B2B5E655E00030B55 /* Products */;
			projectDirPath = "";
			projectRoot = "";
			targets = (
				868DE8792B5E655E00030B55 /* MiniGameDemo */,
			);
		};
/* End PBXProject section */

/* Begin PBXResourcesBuildPhase section */
		868DE8782B5E655E00030B55 /* Resources */ = {
			isa = PBXResourcesBuildPhase;
			buildActionMask = 2147483647;
			files = (
				868DE88A2B5E656000030B55 /* LaunchScreen.storyboard in Resources */,
				868DE8872B5E656000030B55 /* Assets.xcassets in Resources */,
				868DE8852B5E655E00030B55 /* Main.storyboard in Resources */,
			);
			runOnlyForDeploymentPostprocessing = 0;
		};
/* End PBXResourcesBuildPhase section */

/* Begin PBXShellScriptBuildPhase section */
		D995E68C1A80DB806023D6E5 /* [CP] Check Pods Manifest.lock */ = {
			isa = PBXShellScriptBuildPhase;
			buildActionMask = 2147483647;
			files = (
			);
			inputFileListPaths = (
			);
			inputPaths = (
				"${PODS_PODFILE_DIR_PATH}/Podfile.lock",
				"${PODS_ROOT}/Manifest.lock",
			);
			name = "[CP] Check Pods Manifest.lock";
			outputFileListPaths = (
			);
			outputPaths = (
				"$(DERIVED_FILE_DIR)/Pods-MiniGameDemo-checkManifestLockResult.txt",
			);
			runOnlyForDeploymentPostprocessing = 0;
			shellPath = /bin/sh;
			shellScript = "diff \"${PODS_PODFILE_DIR_PATH}/Podfile.lock\" \"${PODS_ROOT}/Manifest.lock\" > /dev/null\nif [ $? != 0 ] ; then\n    # print error to STDERR\n    echo \"error: The sandbox is not in sync with the Podfile.lock. Run 'pod install' or update your CocoaPods installation.\" >&2\n    exit 1\nfi\n# This output is used by Xcode 'outputs' to avoid re-running this script phase.\necho \"SUCCESS\" > \"${SCRIPT_OUTPUT_FILE_0}\"\n";
			showEnvVarsInLog = 0;
		};
		E27B859D482D675592EB735E /* [CP] Embed Pods Frameworks */ = {
			isa = PBXShellScriptBuildPhase;
			buildActionMask = 2147483647;
			files = (
			);
			inputFileListPaths = (
				"${PODS_ROOT}/Target Support Files/Pods-MiniGameDemo/Pods-MiniGameDemo-frameworks-${CONFIGURATION}-input-files.xcfilelist",
			);
			name = "[CP] Embed Pods Frameworks";
			outputFileListPaths = (
				"${PODS_ROOT}/Target Support Files/Pods-MiniGameDemo/Pods-MiniGameDemo-frameworks-${CONFIGURATION}-output-files.xcfilelist",
			);
			runOnlyForDeploymentPostprocessing = 0;
			shellPath = /bin/sh;
			shellScript = "\"${PODS_ROOT}/Target Support Files/Pods-MiniGameDemo/Pods-MiniGameDemo-frameworks.sh\"\n";
			showEnvVarsInLog = 0;
		};
/* End PBXShellScriptBuildPhase section */

/* Begin PBXSourcesBuildPhase section */
		868DE8762B5E655E00030B55 /* Sources */ = {
			isa = PBXSourcesBuildPhase;
			buildActionMask = 2147483647;
			files = (
				868DE8922B5E674E00030B55 /* GameViewController.swift in Sources */,
				868DE8822B5E655E00030B55 /* ViewController.swift in Sources */,
				868DE87E2B5E655E00030B55 /* AppDelegate.swift in Sources */,
				868DE8802B5E655E00030B55 /* SceneDelegate.swift in Sources */,
			);
			runOnlyForDeploymentPostprocessing = 0;
		};
/* End PBXSourcesBuildPhase section */

/* Begin PBXVariantGroup section */
		868DE8832B5E655E00030B55 /* Main.storyboard */ = {
			isa = PBXVariantGroup;
			children = (
				868DE8842B5E655E00030B55 /* Base */,
			);
			name = Main.storyboard;
			sourceTree = "<group>";
		};
		868DE8882B5E656000030B55 /* LaunchScreen.storyboard */ = {
			isa = PBXVariantGroup;
			children = (
				868DE8892B5E656000030B55 /* Base */,
			);
			name = LaunchScreen.storyboard;
			sourceTree = "<group>";
		};
/* End PBXVariantGroup section */

/* Begin XCBuildConfiguration section */
		868DE88C2B5E656000030B55 /* Debug */ = {
			isa = XCBuildConfiguration;
			buildSettings = {
				ALWAYS_SEARCH_USER_PATHS = NO;
				ASSETCATALOG_COMPILER_GENERATE_SWIFT_ASSET_SYMBOL_EXTENSIONS = YES;
				CLANG_ANALYZER_NONNULL = YES;
				CLANG_ANALYZER_NUMBER_OBJECT_CONVERSION = YES_AGGRESSIVE;
				CLANG_CXX_LANGUAGE_STANDARD = "gnu++20";
				CLANG_ENABLE_MODULES = YES;
				CLANG_ENABLE_OBJC_ARC = YES;
				CLANG_ENABLE_OBJC_WEAK = YES;
				CLANG_WARN_BLOCK_CAPTURE_AUTORELEASING = YES;
				CLANG_WARN_BOOL_CONVERSION = YES;
				CLANG_WARN_COMMA = YES;
				CLANG_WARN_CONSTANT_CONVERSION = YES;
				CLANG_WARN_DEPRECATED_OBJC_IMPLEMENTATIONS = YES;
				CLANG_WARN_DIRECT_OBJC_ISA_USAGE = YES_ERROR;
				CLANG_WARN_DOCUMENTATION_COMMENTS = YES;
				CLANG_WARN_EMPTY_BODY = YES;
				CLANG_WARN_ENUM_CONVERSION = YES;
				CLANG_WARN_INFINITE_RECURSION = YES;
				CLANG_WARN_INT_CONVERSION = YES;
				CLANG_WARN_NON_LITERAL_NULL_CONVERSION = YES;
				CLANG_WARN_OBJC_IMPLICIT_RETAIN_SELF = YES;
				CLANG_WARN_OBJC_LITERAL_CONVERSION = YES;
				CLANG_WARN_OBJC_ROOT_CLASS = YES_ERROR;
				CLANG_WARN_QUOTED_INCLUDE_IN_FRAMEWORK_HEADER = YES;
				CLANG_WARN_RANGE_LOOP_ANALYSIS = YES;
				CLANG_WARN_STRICT_PROTOTYPES = YES;
				CLANG_WARN_SUSPICIOUS_MOVE = YES;
				CLANG_WARN_UNGUARDED_AVAILABILITY = YES_AGGRESSIVE;
				CLANG_WARN_UNREACHABLE_CODE = YES;
				CLANG_WARN__DUPLICATE_METHOD_MATCH = YES;
				COPY_PHASE_STRIP = NO;
				DEBUG_INFORMATION_FORMAT = dwarf;
				ENABLE_STRICT_OBJC_MSGSEND = YES;
				ENABLE_TESTABILITY = YES;
				ENABLE_USER_SCRIPT_SANDBOXING = NO;
				GCC_C_LANGUAGE_STANDARD = gnu17;
				GCC_DYNAMIC_NO_PIC = NO;
				GCC_NO_COMMON_BLOCKS = YES;
				GCC_OPTIMIZATION_LEVEL = 0;
				GCC_PREPROCESSOR_DEFINITIONS = (
					"DEBUG=1",
					"$(inherited)",
				);
				GCC_WARN_64_TO_32_BIT_CONVERSION = YES;
				GCC_WARN_ABOUT_RETURN_TYPE = YES_ERROR;
				GCC_WARN_UNDECLARED_SELECTOR = YES;
				GCC_WARN_UNINITIALIZED_AUTOS = YES_AGGRESSIVE;
				GCC_WARN_UNUSED_FUNCTION = YES;
				GCC_WARN_UNUSED_VARIABLE = YES;
				IPHONEOS_DEPLOYMENT_TARGET = 17.0;
				LOCALIZATION_PREFERS_STRING_CATALOGS = YES;
				MTL_ENABLE_DEBUG_INFO = INCLUDE_SOURCE;
				MTL_FAST_MATH = YES;
				ONLY_ACTIVE_ARCH = YES;
				SDKROOT = iphoneos;
				SWIFT_ACTIVE_COMPILATION_CONDITIONS = "DEBUG $(inherited)";
				SWIFT_OPTIMIZATION_LEVEL = "-Onone";
			};
			name = Debug;
		};
		868DE88D2B5E656000030B55 /* Release */ = {
			isa = XCBuildConfiguration;
			buildSettings = {
				ALWAYS_SEARCH_USER_PATHS = NO;
				ASSETCATALOG_COMPILER_GENERATE_SWIFT_ASSET_SYMBOL_EXTENSIONS = YES;
				CLANG_ANALYZER_NONNULL = YES;
				CLANG_ANALYZER_NUMBER_OBJECT_CONVERSION = YES_AGGRESSIVE;
				CLANG_CXX_LANGUAGE_STANDARD = "gnu++20";
				CLANG_ENABLE_MODULES = YES;
				CLANG_ENABLE_OBJC_ARC = YES;
				CLANG_ENABLE_OBJC_WEAK = YES;
				CLANG_WARN_BLOCK_CAPTURE_AUTORELEASING = YES;
				CLANG_WARN_BOOL_CONVERSION = YES;
				CLANG_WARN_COMMA = YES;
				CLANG_WARN_CONSTANT_CONVERSION = YES;
				CLANG_WARN_DEPRECATED_OBJC_IMPLEMENTATIONS = YES;
				CLANG_WARN_DIRECT_OBJC_ISA_USAGE = YES_ERROR;
				CLANG_WARN_DOCUMENTATION_COMMENTS = YES;
				CLANG_WARN_EMPTY_BODY = YES;
				CLANG_WARN_ENUM_CONVERSION = YES;
				CLANG_WARN_INFINITE_RECURSION = YES;
				CLANG_WARN_INT_CONVERSION = YES;
				CLANG_WARN_NON_LITERAL_NULL_CONVERSION = YES;
				CLANG_WARN_OBJC_IMPLICIT_RETAIN_SELF = YES;
				CLANG_WARN_OBJC_LITERAL_CONVERSION = YES;
				CLANG_WARN_OBJC_ROOT_CLASS = YES_ERROR;
				CLANG_WARN_QUOTED_INCLUDE_IN_FRAMEWORK_HEADER = YES;
				CLANG_WARN_RANGE_LOOP_ANALYSIS = YES;
				CLANG_WARN_STRICT_PROTOTYPES = YES;
				CLANG_WARN_SUSPICIOUS_MOVE = YES;
				CLANG_WARN_UNGUARDED_AVAILABILITY = YES_AGGRESSIVE;
				CLANG_WARN_UNREACHABLE_CODE = YES;
				CLANG_WARN__DUPLICATE_METHOD_MATCH = YES;
				COPY_PHASE_STRIP = NO;
				DEBUG_INFORMATION_FORMAT = "dwarf-with-dsym";
				ENABLE_NS_ASSERTIONS = NO;
				ENABLE_STRICT_OBJC_MSGSEND = YES;
				ENABLE_USER_SCRIPT_SANDBOXING = NO;
				GCC_C_LANGUAGE_STANDARD = gnu17;
				GCC_NO_COMMON_BLOCKS = YES;
				GCC_WARN_64_TO_32_BIT_CONVERSION = YES;
				GCC_WARN_ABOUT_RETURN_TYPE = YES_ERROR;
				GCC_WARN_UNDECLARED_SELECTOR = YES;
				GCC_WARN_UNINITIALIZED_AUTOS = YES_AGGRESSIVE;
				GCC_WARN_UNUSED_FUNCTION = YES;
				GCC_WARN_UNUSED_VARIABLE = YES;
				IPHONEOS_DEPLOYMENT_TARGET = 17.0;
				LOCALIZATION_PREFERS_STRING_CATALOGS = YES;
				MTL_ENABLE_DEBUG_INFO = NO;
				MTL_FAST_MATH = YES;
				SDKROOT = iphoneos;
				SWIFT_COMPILATION_MODE = wholemodule;
				VALIDATE_PRODUCT = YES;
			};
			name = Release;
		};
		868DE88F2B5E656000030B55 /* Debug */ = {
			isa = XCBuildConfiguration;
			baseConfigurationReference = A3379E844432C727A5A030FB /* Pods-MiniGameDemo.debug.xcconfig */;
			buildSettings = {
				ASSETCATALOG_COMPILER_APPICON_NAME = AppIcon;
				ASSETCATALOG_COMPILER_GLOBAL_ACCENT_COLOR_NAME = AccentColor;
				CODE_SIGN_STYLE = Automatic;
				CURRENT_PROJECT_VERSION = 1;
				DEVELOPMENT_TEAM = PN83KX5U85;
				GENERATE_INFOPLIST_FILE = YES;
				INFOPLIST_FILE = MiniGameDemo/Info.plist;
				INFOPLIST_KEY_NSCameraUsageDescription = "Open your camera";
				INFOPLIST_KEY_NSMicrophoneUsageDescription = "Open your mic";
				INFOPLIST_KEY_UIApplicationSupportsIndirectInputEvents = YES;
				INFOPLIST_KEY_UILaunchStoryboardName = LaunchScreen;
				INFOPLIST_KEY_UIMainStoryboardFile = Main;
				INFOPLIST_KEY_UISupportedInterfaceOrientations_iPad = "UIInterfaceOrientationPortrait UIInterfaceOrientationPortraitUpsideDown UIInterfaceOrientationLandscapeLeft UIInterfaceOrientationLandscapeRight";
				INFOPLIST_KEY_UISupportedInterfaceOrientations_iPhone = "UIInterfaceOrientationPortrait UIInterfaceOrientationLandscapeLeft UIInterfaceOrientationLandscapeRight";
				IPHONEOS_DEPLOYMENT_TARGET = 15.0;
				LD_RUNPATH_SEARCH_PATHS = (
					"$(inherited)",
					"@executable_path/Frameworks",
				);
				MARKETING_VERSION = 1.0;
				PRODUCT_BUNDLE_IDENTIFIER = com.zegocloud.minigame.demo;
				PRODUCT_NAME = "$(TARGET_NAME)";
				SWIFT_EMIT_LOC_STRINGS = YES;
				SWIFT_VERSION = 5.0;
				TARGETED_DEVICE_FAMILY = "1,2";
			};
			name = Debug;
		};
		868DE8902B5E656000030B55 /* Release */ = {
			isa = XCBuildConfiguration;
			baseConfigurationReference = 5F8925540EEC66140A76A4C2 /* Pods-MiniGameDemo.release.xcconfig */;
			buildSettings = {
				ASSETCATALOG_COMPILER_APPICON_NAME = AppIcon;
				ASSETCATALOG_COMPILER_GLOBAL_ACCENT_COLOR_NAME = AccentColor;
				CODE_SIGN_STYLE = Automatic;
				CURRENT_PROJECT_VERSION = 1;
				DEVELOPMENT_TEAM = PN83KX5U85;
				GENERATE_INFOPLIST_FILE = YES;
				INFOPLIST_FILE = MiniGameDemo/Info.plist;
				INFOPLIST_KEY_NSCameraUsageDescription = "Open your camera";
				INFOPLIST_KEY_NSMicrophoneUsageDescription = "Open your mic";
				INFOPLIST_KEY_UIApplicationSupportsIndirectInputEvents = YES;
				INFOPLIST_KEY_UILaunchStoryboardName = LaunchScreen;
				INFOPLIST_KEY_UIMainStoryboardFile = Main;
				INFOPLIST_KEY_UISupportedInterfaceOrientations_iPad = "UIInterfaceOrientationPortrait UIInterfaceOrientationPortraitUpsideDown UIInterfaceOrientationLandscapeLeft UIInterfaceOrientationLandscapeRight";
				INFOPLIST_KEY_UISupportedInterfaceOrientations_iPhone = "UIInterfaceOrientationPortrait UIInterfaceOrientationLandscapeLeft UIInterfaceOrientationLandscapeRight";
				IPHONEOS_DEPLOYMENT_TARGET = 15.0;
				LD_RUNPATH_SEARCH_PATHS = (
					"$(inherited)",
					"@executable_path/Frameworks",
				);
				MARKETING_VERSION = 1.0;
				PRODUCT_BUNDLE_IDENTIFIER = com.zegocloud.minigame.demo;
				PRODUCT_NAME = "$(TARGET_NAME)";
				SWIFT_EMIT_LOC_STRINGS = YES;
				SWIFT_VERSION = 5.0;
				TARGETED_DEVICE_FAMILY = "1,2";
			};
			name = Release;
		};
/* End XCBuildConfiguration section */

/* Begin XCConfigurationList section */
		868DE8752B5E655E00030B55 /* Build configuration list for PBXProject "MiniGameDemo" */ = {
			isa = XCConfigurationList;
			buildConfigurations = (
				868DE88C2B5E656000030B55 /* Debug */,
				868DE88D2B5E656000030B55 /* Release */,
			);
			defaultConfigurationIsVisible = 0;
			defaultConfigurationName = Release;
		};
		868DE88E2B5E656000030B55 /* Build configuration list for PBXNativeTarget "MiniGameDemo" */ = {
			isa = XCConfigurationList;
			buildConfigurations = (
				868DE88F2B5E656000030B55 /* Debug */,
				868DE8902B5E656000030B55 /* Release */,
			);
			defaultConfigurationIsVisible = 0;
			defaultConfigurationName = Release;
		};
/* End XCConfigurationList section */
	};
	rootObject = 868DE8722B5E655E00030B55 /* Project object */;
}
