PODS:
  - MJExtension (3.4.1)
  - SudMGPWrapper (1.0.6):
    - SudMGPWrapper/SudMGPWrapper (= 1.0.6)
  - SudMGPWrapper/SudMGPWrapper (1.0.6):
    - MJExtension (~> 3.4.1)
  - ZegoExpressEngine (3.12.4)

DEPENDENCIES:
  - SudMGPWrapper (from `./SUDGameSDK`)
  - ZegoExpressEngine

SPEC REPOS:
  trunk:
    - MJExtension
    - ZegoExpressEngine

EXTERNAL SOURCES:
  SudMGPWrapper:
    :path: "./SUDGameSDK"

SPEC CHECKSUMS:
  MJExtension: 21c5f6f8c4d5d8844b7ae8fbae08fed0b501f961
  SudMGPWrapper: 09cded4dd255e09aba97599af1001de150c1db89
  ZegoExpressEngine: 4134bbfaecf5ce4ab5c47338ff817942d646750f

PODFILE CHECKSUM: 67446c95ce23c3e363a0f98308c642dc3ffd3c83

COCOAPODS: 1.14.3
